
Microsoft Visual Studio Solution File, Format Version 12.00
# Visual Studio 2012
Project("{F2A71F9B-5D33-465A-A702-920D77279786}") = "ThePeopleWhoChat.ServiceHost", "ThePeopleWhoChat.ServiceHost\ThePeopleWhoChat.ServiceHost.fsproj", "{AD9190AC-0C02-4CB0-ADC1-07DFD371A412}"
EndProject
Project("{F2A71F9B-5D33-465A-A702-920D77279786}") = "ThePeopleWhoChat.Service", "ThePeopleWhoChat.Service\ThePeopleWhoChat.Service.fsproj", "{D78FABD6-5333-4DA6-86F7-A08031C74DE5}"
EndProject
Project("{FAE04EC0-301F-11D3-BF4B-00C04F79EFBC}") = "ThePeopleWhoChat.Web", "ThePeopleWhoChat.Web\ThePeopleWhoChat.Web.csproj", "{061E0C6E-3BFF-4B04-A99B-5A03432FEE92}"
EndProject
Project("{F2A71F9B-5D33-465A-A702-920D77279786}") = "ThePeopleWhoChat.AdminTool", "ThePeopleWhoChat.AdminTool\ThePeopleWhoChat.AdminTool.fsproj", "{60B617B8-43FE-485F-A277-D6B87DD10ABD}"
EndProject
Global
	GlobalSection(SolutionConfigurationPlatforms) = preSolution
		Debug|Any CPU = Debug|Any CPU
		Release|Any CPU = Release|Any CPU
	EndGlobalSection
	GlobalSection(ProjectConfigurationPlatforms) = postSolution
		{AD9190AC-0C02-4CB0-ADC1-07DFD371A412}.Debug|Any CPU.ActiveCfg = Debug|Any CPU
		{AD9190AC-0C02-4CB0-ADC1-07DFD371A412}.Debug|Any CPU.Build.0 = Debug|Any CPU
		{AD9190AC-0C02-4CB0-ADC1-07DFD371A412}.Release|Any CPU.ActiveCfg = Release|Any CPU
		{AD9190AC-0C02-4CB0-ADC1-07DFD371A412}.Release|Any CPU.Build.0 = Release|Any CPU
		{D78FABD6-5333-4DA6-86F7-A08031C74DE5}.Debug|Any CPU.ActiveCfg = Debug|Any CPU
		{D78FABD6-5333-4DA6-86F7-A08031C74DE5}.Debug|Any CPU.Build.0 = Debug|Any CPU
		{D78FABD6-5333-4DA6-86F7-A08031C74DE5}.Release|Any CPU.ActiveCfg = Release|Any CPU
		{D78FABD6-5333-4DA6-86F7-A08031C74DE5}.Release|Any CPU.Build.0 = Release|Any CPU
		{061E0C6E-3BFF-4B04-A99B-5A03432FEE92}.Debug|Any CPU.ActiveCfg = Debug|Any CPU
		{061E0C6E-3BFF-4B04-A99B-5A03432FEE92}.Debug|Any CPU.Build.0 = Debug|Any CPU
		{061E0C6E-3BFF-4B04-A99B-5A03432FEE92}.Release|Any CPU.ActiveCfg = Release|Any CPU
		{061E0C6E-3BFF-4B04-A99B-5A03432FEE92}.Release|Any CPU.Build.0 = Release|Any CPU
		{60B617B8-43FE-485F-A277-D6B87DD10ABD}.Debug|Any CPU.ActiveCfg = Debug|Any CPU
		{60B617B8-43FE-485F-A277-D6B87DD10ABD}.Debug|Any CPU.Build.0 = Debug|Any CPU
		{60B617B8-43FE-485F-A277-D6B87DD10ABD}.Release|Any CPU.ActiveCfg = Release|Any CPU
		{60B617B8-43FE-485F-A277-D6B87DD10ABD}.Release|Any CPU.Build.0 = Release|Any CPU
	EndGlobalSection
	GlobalSection(SolutionProperties) = preSolution
		HideSolutionNode = FALSE
	EndGlobalSection
EndGlobal
